// !$*UTF8*$!
{
	archiveVersion = 1;
	classes = {
	};
	objectVersion = 51;
	objects = {

/* Begin PBXBuildFile section */
		61A5534162A5DE90A21F1587 /* Pods_Photoish_app___zavrsni_projekt.framework in Frameworks */ = {isa = PBXBuildFile; fileRef = 067590ED469DD33181451332 /* Pods_Photoish_app___zavrsni_projekt.framework */; };
		778D8E3BFFA01AB07CC2BFE2 /* Pods_Photoish_app___zavrsni_projektTests.framework in Frameworks */ = {isa = PBXBuildFile; fileRef = 59EE89213BAE4B485E35E1B0 /* Pods_Photoish_app___zavrsni_projektTests.framework */; };
		9C0DF94A26B957410035A4DC /* FavoritesViewController.swift in Sources */ = {isa = PBXBuildFile; fileRef = 9C0DF94926B957410035A4DC /* FavoritesViewController.swift */; };
		9C0DF94C26B95BAD0035A4DC /* FavoritesViewModel.swift in Sources */ = {isa = PBXBuildFile; fileRef = 9C0DF94B26B95BAD0035A4DC /* FavoritesViewModel.swift */; };
		9C0DF94E26B95BC30035A4DC /* FavoritesViewModelImpl.swift in Sources */ = {isa = PBXBuildFile; fileRef = 9C0DF94D26B95BC30035A4DC /* FavoritesViewModelImpl.swift */; };
		9C9FB7BC26B48B52006735B9 /* DetailViewModel.swift in Sources */ = {isa = PBXBuildFile; fileRef = 9C9FB7BB26B48B52006735B9 /* DetailViewModel.swift */; };
		9C9FB7BE26B48B81006735B9 /* DetailViewModelImpl.swift in Sources */ = {isa = PBXBuildFile; fileRef = 9C9FB7BD26B48B81006735B9 /* DetailViewModelImpl.swift */; };
		9C9FB7C026B48BA6006735B9 /* DetailViewController.swift in Sources */ = {isa = PBXBuildFile; fileRef = 9C9FB7BF26B48BA6006735B9 /* DetailViewController.swift */; };
		9CB3BDBB26B3070300438BC2 /* AppDelegate.swift in Sources */ = {isa = PBXBuildFile; fileRef = 9CB3BDBA26B3070300438BC2 /* AppDelegate.swift */; };
		9CB3BDC426B3070400438BC2 /* Assets.xcassets in Resources */ = {isa = PBXBuildFile; fileRef = 9CB3BDC326B3070400438BC2 /* Assets.xcassets */; };
		9CB3BDC726B3070400438BC2 /* LaunchScreen.storyboard in Resources */ = {isa = PBXBuildFile; fileRef = 9CB3BDC526B3070400438BC2 /* LaunchScreen.storyboard */; };
		9CB3BDD226B3070400438BC2 /* Photoish_app___zavrsni_projektTests.swift in Sources */ = {isa = PBXBuildFile; fileRef = 9CB3BDD126B3070400438BC2 /* Photoish_app___zavrsni_projektTests.swift */; };
		9CB3BDDD26B3070400438BC2 /* Photoish_app___zavrsni_projektUITests.swift in Sources */ = {isa = PBXBuildFile; fileRef = 9CB3BDDC26B3070400438BC2 /* Photoish_app___zavrsni_projektUITests.swift */; };
		9CB3BDEE26B3080900438BC2 /* HomeViewController.swift in Sources */ = {isa = PBXBuildFile; fileRef = 9CB3BDED26B3080900438BC2 /* HomeViewController.swift */; };
		9CB3BDF126B3098900438BC2 /* Picture.swift in Sources */ = {isa = PBXBuildFile; fileRef = 9CB3BDF026B3098900438BC2 /* Picture.swift */; };
		9CB3BDF426B317A700438BC2 /* NetworkManager.swift in Sources */ = {isa = PBXBuildFile; fileRef = 9CB3BDF326B317A700438BC2 /* NetworkManager.swift */; };
		9CB3BDF726B318D200438BC2 /* Utilities.swift in Sources */ = {isa = PBXBuildFile; fileRef = 9CB3BDF626B318D200438BC2 /* Utilities.swift */; };
		9CB3BDFA26B31AB700438BC2 /* UIView+Extension.swift in Sources */ = {isa = PBXBuildFile; fileRef = 9CB3BDF926B31AB700438BC2 /* UIView+Extension.swift */; };
		9CB3BDFC26B31B2100438BC2 /* HomeViewModel.swift in Sources */ = {isa = PBXBuildFile; fileRef = 9CB3BDFB26B31B2100438BC2 /* HomeViewModel.swift */; };
		9CB3BDFE26B31B3000438BC2 /* HomeViewModelImpl.swift in Sources */ = {isa = PBXBuildFile; fileRef = 9CB3BDFD26B31B3000438BC2 /* HomeViewModelImpl.swift */; };
		9CB3BE0126B31BA300438BC2 /* PicturesRepository.swift in Sources */ = {isa = PBXBuildFile; fileRef = 9CB3BE0026B31BA300438BC2 /* PicturesRepository.swift */; };
		9CB3BE0426B338C100438BC2 /* PictureTableViewCell.swift in Sources */ = {isa = PBXBuildFile; fileRef = 9CB3BE0326B338C100438BC2 /* PictureTableViewCell.swift */; };
		9CE20E4F26BBD9B600291791 /* FavoritePhotoCollectionViewCell.swift in Sources */ = {isa = PBXBuildFile; fileRef = 9CE20E4E26BBD9B600291791 /* FavoritePhotoCollectionViewCell.swift */; };
		B24E4DB70E0438ED3A4F1E65 /* Pods_Photoish_app___zavrsni_projekt_Photoish_app___zavrsni_projektUITests.framework in Frameworks */ = {isa = PBXBuildFile; fileRef = 4F98B9CABA5FA90DE622BB4C /* Pods_Photoish_app___zavrsni_projekt_Photoish_app___zavrsni_projektUITests.framework */; };
/* End PBXBuildFile section */

/* Begin PBXContainerItemProxy section */
		9CB3BDCE26B3070400438BC2 /* PBXContainerItemProxy */ = {
			isa = PBXContainerItemProxy;
			containerPortal = 9CB3BDAF26B3070300438BC2 /* Project object */;
			proxyType = 1;
			remoteGlobalIDString = 9CB3BDB626B3070300438BC2;
			remoteInfo = "Photoish app - zavrsni projekt";
		};
		9CB3BDD926B3070400438BC2 /* PBXContainerItemProxy */ = {
			isa = PBXContainerItemProxy;
			containerPortal = 9CB3BDAF26B3070300438BC2 /* Project object */;
			proxyType = 1;
			remoteGlobalIDString = 9CB3BDB626B3070300438BC2;
			remoteInfo = "Photoish app - zavrsni projekt";
		};
/* End PBXContainerItemProxy section */

/* Begin PBXFileReference section */
		067590ED469DD33181451332 /* Pods_Photoish_app___zavrsni_projekt.framework */ = {isa = PBXFileReference; explicitFileType = wrapper.framework; includeInIndex = 0; path = "Pods_Photoish_app___zavrsni_projekt.framework"; sourceTree = BUILT_PRODUCTS_DIR; };
		17849102FC46F12114858A60 /* Pods-Photoish app - zavrsni projekt.debug.xcconfig */ = {isa = PBXFileReference; includeInIndex = 1; lastKnownFileType = text.xcconfig; name = "Pods-Photoish app - zavrsni projekt.debug.xcconfig"; path = "Target Support Files/Pods-Photoish app - zavrsni projekt/Pods-Photoish app - zavrsni projekt.debug.xcconfig"; sourceTree = "<group>"; };
		4F98B9CABA5FA90DE622BB4C /* Pods_Photoish_app___zavrsni_projekt_Photoish_app___zavrsni_projektUITests.framework */ = {isa = PBXFileReference; explicitFileType = wrapper.framework; includeInIndex = 0; path = "Pods_Photoish_app___zavrsni_projekt_Photoish_app___zavrsni_projektUITests.framework"; sourceTree = BUILT_PRODUCTS_DIR; };
		59EE89213BAE4B485E35E1B0 /* Pods_Photoish_app___zavrsni_projektTests.framework */ = {isa = PBXFileReference; explicitFileType = wrapper.framework; includeInIndex = 0; path = "Pods_Photoish_app___zavrsni_projektTests.framework"; sourceTree = BUILT_PRODUCTS_DIR; };
		6797CA10FDC87D452EFDE64C /* Pods-Photoish app - zavrsni projektTests.debug.xcconfig */ = {isa = PBXFileReference; includeInIndex = 1; lastKnownFileType = text.xcconfig; name = "Pods-Photoish app - zavrsni projektTests.debug.xcconfig"; path = "Target Support Files/Pods-Photoish app - zavrsni projektTests/Pods-Photoish app - zavrsni projektTests.debug.xcconfig"; sourceTree = "<group>"; };
		742F2536FB2DA236553D9CF1 /* Pods-Photoish app - zavrsni projekt.release.xcconfig */ = {isa = PBXFileReference; includeInIndex = 1; lastKnownFileType = text.xcconfig; name = "Pods-Photoish app - zavrsni projekt.release.xcconfig"; path = "Target Support Files/Pods-Photoish app - zavrsni projekt/Pods-Photoish app - zavrsni projekt.release.xcconfig"; sourceTree = "<group>"; };
		8CBB20232F9952EF7B8BD13D /* Pods-Photoish app - zavrsni projekt-Photoish app - zavrsni projektUITests.release.xcconfig */ = {isa = PBXFileReference; includeInIndex = 1; lastKnownFileType = text.xcconfig; name = "Pods-Photoish app - zavrsni projekt-Photoish app - zavrsni projektUITests.release.xcconfig"; path = "Target Support Files/Pods-Photoish app - zavrsni projekt-Photoish app - zavrsni projektUITests/Pods-Photoish app - zavrsni projekt-Photoish app - zavrsni projektUITests.release.xcconfig"; sourceTree = "<group>"; };
		9C0DF94926B957410035A4DC /* FavoritesViewController.swift */ = {isa = PBXFileReference; lastKnownFileType = sourcecode.swift; path = FavoritesViewController.swift; sourceTree = "<group>"; };
		9C0DF94B26B95BAD0035A4DC /* FavoritesViewModel.swift */ = {isa = PBXFileReference; lastKnownFileType = sourcecode.swift; path = FavoritesViewModel.swift; sourceTree = "<group>"; };
		9C0DF94D26B95BC30035A4DC /* FavoritesViewModelImpl.swift */ = {isa = PBXFileReference; lastKnownFileType = sourcecode.swift; path = FavoritesViewModelImpl.swift; sourceTree = "<group>"; };
		9C9FB7BB26B48B52006735B9 /* DetailViewModel.swift */ = {isa = PBXFileReference; lastKnownFileType = sourcecode.swift; path = DetailViewModel.swift; sourceTree = "<group>"; };
		9C9FB7BD26B48B81006735B9 /* DetailViewModelImpl.swift */ = {isa = PBXFileReference; lastKnownFileType = sourcecode.swift; path = DetailViewModelImpl.swift; sourceTree = "<group>"; };
		9C9FB7BF26B48BA6006735B9 /* DetailViewController.swift */ = {isa = PBXFileReference; lastKnownFileType = sourcecode.swift; path = DetailViewController.swift; sourceTree = "<group>"; };
		9CB3BDB726B3070300438BC2 /* Photoish app - zavrsni projekt.app */ = {isa = PBXFileReference; explicitFileType = wrapper.application; includeInIndex = 0; path = "Photoish app - zavrsni projekt.app"; sourceTree = BUILT_PRODUCTS_DIR; };
		9CB3BDBA26B3070300438BC2 /* AppDelegate.swift */ = {isa = PBXFileReference; lastKnownFileType = sourcecode.swift; path = AppDelegate.swift; sourceTree = "<group>"; };
		9CB3BDC326B3070400438BC2 /* Assets.xcassets */ = {isa = PBXFileReference; lastKnownFileType = folder.assetcatalog; path = Assets.xcassets; sourceTree = "<group>"; };
		9CB3BDC626B3070400438BC2 /* Base */ = {isa = PBXFileReference; lastKnownFileType = file.storyboard; name = Base; path = Base.lproj/LaunchScreen.storyboard; sourceTree = "<group>"; };
		9CB3BDC826B3070400438BC2 /* Info.plist */ = {isa = PBXFileReference; lastKnownFileType = text.plist.xml; path = Info.plist; sourceTree = "<group>"; };
		9CB3BDCD26B3070400438BC2 /* Photoish app - zavrsni projektTests.xctest */ = {isa = PBXFileReference; explicitFileType = wrapper.cfbundle; includeInIndex = 0; path = "Photoish app - zavrsni projektTests.xctest"; sourceTree = BUILT_PRODUCTS_DIR; };
		9CB3BDD126B3070400438BC2 /* Photoish_app___zavrsni_projektTests.swift */ = {isa = PBXFileReference; lastKnownFileType = sourcecode.swift; path = "Photoish_app___zavrsni_projektTests.swift"; sourceTree = "<group>"; };
		9CB3BDD326B3070400438BC2 /* Info.plist */ = {isa = PBXFileReference; lastKnownFileType = text.plist.xml; path = Info.plist; sourceTree = "<group>"; };
		9CB3BDD826B3070400438BC2 /* Photoish app - zavrsni projektUITests.xctest */ = {isa = PBXFileReference; explicitFileType = wrapper.cfbundle; includeInIndex = 0; path = "Photoish app - zavrsni projektUITests.xctest"; sourceTree = BUILT_PRODUCTS_DIR; };
		9CB3BDDC26B3070400438BC2 /* Photoish_app___zavrsni_projektUITests.swift */ = {isa = PBXFileReference; lastKnownFileType = sourcecode.swift; path = "Photoish_app___zavrsni_projektUITests.swift"; sourceTree = "<group>"; };
		9CB3BDDE26B3070400438BC2 /* Info.plist */ = {isa = PBXFileReference; lastKnownFileType = text.plist.xml; path = Info.plist; sourceTree = "<group>"; };
		9CB3BDED26B3080900438BC2 /* HomeViewController.swift */ = {isa = PBXFileReference; lastKnownFileType = sourcecode.swift; path = HomeViewController.swift; sourceTree = "<group>"; };
		9CB3BDF026B3098900438BC2 /* Picture.swift */ = {isa = PBXFileReference; lastKnownFileType = sourcecode.swift; path = Picture.swift; sourceTree = "<group>"; };
		9CB3BDF326B317A700438BC2 /* NetworkManager.swift */ = {isa = PBXFileReference; lastKnownFileType = sourcecode.swift; path = NetworkManager.swift; sourceTree = "<group>"; };
		9CB3BDF626B318D200438BC2 /* Utilities.swift */ = {isa = PBXFileReference; lastKnownFileType = sourcecode.swift; path = Utilities.swift; sourceTree = "<group>"; };
		9CB3BDF926B31AB700438BC2 /* UIView+Extension.swift */ = {isa = PBXFileReference; lastKnownFileType = sourcecode.swift; path = "UIView+Extension.swift"; sourceTree = "<group>"; };
		9CB3BDFB26B31B2100438BC2 /* HomeViewModel.swift */ = {isa = PBXFileReference; lastKnownFileType = sourcecode.swift; path = HomeViewModel.swift; sourceTree = "<group>"; };
		9CB3BDFD26B31B3000438BC2 /* HomeViewModelImpl.swift */ = {isa = PBXFileReference; lastKnownFileType = sourcecode.swift; path = HomeViewModelImpl.swift; sourceTree = "<group>"; };
		9CB3BE0026B31BA300438BC2 /* PicturesRepository.swift */ = {isa = PBXFileReference; lastKnownFileType = sourcecode.swift; path = PicturesRepository.swift; sourceTree = "<group>"; };
		9CB3BE0326B338C100438BC2 /* PictureTableViewCell.swift */ = {isa = PBXFileReference; lastKnownFileType = sourcecode.swift; path = PictureTableViewCell.swift; sourceTree = "<group>"; };
		9CE20E4E26BBD9B600291791 /* FavoritePhotoCollectionViewCell.swift */ = {isa = PBXFileReference; lastKnownFileType = sourcecode.swift; path = FavoritePhotoCollectionViewCell.swift; sourceTree = "<group>"; };
		CF80AA9DDE40527A51E30BD8 /* Pods-Photoish app - zavrsni projekt-Photoish app - zavrsni projektUITests.debug.xcconfig */ = {isa = PBXFileReference; includeInIndex = 1; lastKnownFileType = text.xcconfig; name = "Pods-Photoish app - zavrsni projekt-Photoish app - zavrsni projektUITests.debug.xcconfig"; path = "Target Support Files/Pods-Photoish app - zavrsni projekt-Photoish app - zavrsni projektUITests/Pods-Photoish app - zavrsni projekt-Photoish app - zavrsni projektUITests.debug.xcconfig"; sourceTree = "<group>"; };
		F0FC8FDA732F7BC1F15617FE /* Pods-Photoish app - zavrsni projektTests.release.xcconfig */ = {isa = PBXFileReference; includeInIndex = 1; lastKnownFileType = text.xcconfig; name = "Pods-Photoish app - zavrsni projektTests.release.xcconfig"; path = "Target Support Files/Pods-Photoish app - zavrsni projektTests/Pods-Photoish app - zavrsni projektTests.release.xcconfig"; sourceTree = "<group>"; };
/* End PBXFileReference section */

/* Begin PBXFrameworksBuildPhase section */
		9CB3BDB426B3070300438BC2 /* Frameworks */ = {
			isa = PBXFrameworksBuildPhase;
			buildActionMask = 2147483647;
			files = (
				61A5534162A5DE90A21F1587 /* Pods_Photoish_app___zavrsni_projekt.framework in Frameworks */,
			);
			runOnlyForDeploymentPostprocessing = 0;
		};
		9CB3BDCA26B3070400438BC2 /* Frameworks */ = {
			isa = PBXFrameworksBuildPhase;
			buildActionMask = 2147483647;
			files = (
				778D8E3BFFA01AB07CC2BFE2 /* Pods_Photoish_app___zavrsni_projektTests.framework in Frameworks */,
			);
			runOnlyForDeploymentPostprocessing = 0;
		};
		9CB3BDD526B3070400438BC2 /* Frameworks */ = {
			isa = PBXFrameworksBuildPhase;
			buildActionMask = 2147483647;
			files = (
				B24E4DB70E0438ED3A4F1E65 /* Pods_Photoish_app___zavrsni_projekt_Photoish_app___zavrsni_projektUITests.framework in Frameworks */,
			);
			runOnlyForDeploymentPostprocessing = 0;
		};
/* End PBXFrameworksBuildPhase section */

/* Begin PBXGroup section */
		591ED9CCC199C390FB89DB9A /* Pods */ = {
			isa = PBXGroup;
			children = (
				17849102FC46F12114858A60 /* Pods-Photoish app - zavrsni projekt.debug.xcconfig */,
				742F2536FB2DA236553D9CF1 /* Pods-Photoish app - zavrsni projekt.release.xcconfig */,
				CF80AA9DDE40527A51E30BD8 /* Pods-Photoish app - zavrsni projekt-Photoish app - zavrsni projektUITests.debug.xcconfig */,
				8CBB20232F9952EF7B8BD13D /* Pods-Photoish app - zavrsni projekt-Photoish app - zavrsni projektUITests.release.xcconfig */,
				6797CA10FDC87D452EFDE64C /* Pods-Photoish app - zavrsni projektTests.debug.xcconfig */,
				F0FC8FDA732F7BC1F15617FE /* Pods-Photoish app - zavrsni projektTests.release.xcconfig */,
			);
			path = Pods;
			sourceTree = "<group>";
		};
		9C0DF94626B956FF0035A4DC /* Favorite */ = {
			isa = PBXGroup;
			children = (
				9C0DF94726B9570F0035A4DC /* ViewModel */,
				9C0DF94826B957170035A4DC /* UI */,
			);
			path = Favorite;
			sourceTree = "<group>";
		};
		9C0DF94726B9570F0035A4DC /* ViewModel */ = {
			isa = PBXGroup;
			children = (
				9C0DF94B26B95BAD0035A4DC /* FavoritesViewModel.swift */,
				9C0DF94D26B95BC30035A4DC /* FavoritesViewModelImpl.swift */,
			);
			path = ViewModel;
			sourceTree = "<group>";
		};
		9C0DF94826B957170035A4DC /* UI */ = {
			isa = PBXGroup;
			children = (
				9CE20E4D26BBD98E00291791 /* Cell */,
				9C0DF94926B957410035A4DC /* FavoritesViewController.swift */,
			);
			path = UI;
			sourceTree = "<group>";
		};
		9C9FB7B826B48AE2006735B9 /* Detail */ = {
			isa = PBXGroup;
			children = (
				9C9FB7B926B48B21006735B9 /* ViewModel */,
				9C9FB7BA26B48B2E006735B9 /* UI */,
			);
			path = Detail;
			sourceTree = "<group>";
		};
		9C9FB7B926B48B21006735B9 /* ViewModel */ = {
			isa = PBXGroup;
			children = (
				9C9FB7BB26B48B52006735B9 /* DetailViewModel.swift */,
				9C9FB7BD26B48B81006735B9 /* DetailViewModelImpl.swift */,
			);
			path = ViewModel;
			sourceTree = "<group>";
		};
		9C9FB7BA26B48B2E006735B9 /* UI */ = {
			isa = PBXGroup;
			children = (
				9C9FB7BF26B48BA6006735B9 /* DetailViewController.swift */,
			);
			path = UI;
			sourceTree = "<group>";
		};
		9CB3BDAE26B3070300438BC2 = {
			isa = PBXGroup;
			children = (
				9CB3BDB926B3070300438BC2 /* Photoish app - zavrsni projekt */,
				9CB3BDD026B3070400438BC2 /* Photoish app - zavrsni projektTests */,
				9CB3BDDB26B3070400438BC2 /* Photoish app - zavrsni projektUITests */,
				9CB3BDB826B3070300438BC2 /* Products */,
				591ED9CCC199C390FB89DB9A /* Pods */,
				AC2A679C7AB4B0CA4F25FAF1 /* Frameworks */,
			);
			sourceTree = "<group>";
		};
		9CB3BDB826B3070300438BC2 /* Products */ = {
			isa = PBXGroup;
			children = (
				9CB3BDB726B3070300438BC2 /* Photoish app - zavrsni projekt.app */,
				9CB3BDCD26B3070400438BC2 /* Photoish app - zavrsni projektTests.xctest */,
				9CB3BDD826B3070400438BC2 /* Photoish app - zavrsni projektUITests.xctest */,
			);
			name = Products;
			sourceTree = "<group>";
		};
		9CB3BDB926B3070300438BC2 /* Photoish app - zavrsni projekt */ = {
			isa = PBXGroup;
			children = (
				9CB3BDF826B31A9B00438BC2 /* Extensions */,
				9CB3BDF526B318BC00438BC2 /* Utils */,
				9CB3BDF226B3179400438BC2 /* Network */,
				9CB3BDEF26B308F900438BC2 /* Models */,
				9CB3BDEA26B307CC00438BC2 /* Home */,
				9C9FB7B826B48AE2006735B9 /* Detail */,
				9C0DF94626B956FF0035A4DC /* Favorite */,
				9CB3BDBA26B3070300438BC2 /* AppDelegate.swift */,
				9CB3BDC326B3070400438BC2 /* Assets.xcassets */,
				9CB3BDC526B3070400438BC2 /* LaunchScreen.storyboard */,
				9CB3BDC826B3070400438BC2 /* Info.plist */,
			);
			path = "Photoish app - zavrsni projekt";
			sourceTree = "<group>";
		};
		9CB3BDD026B3070400438BC2 /* Photoish app - zavrsni projektTests */ = {
			isa = PBXGroup;
			children = (
				9CB3BDD126B3070400438BC2 /* Photoish_app___zavrsni_projektTests.swift */,
				9CB3BDD326B3070400438BC2 /* Info.plist */,
			);
			path = "Photoish app - zavrsni projektTests";
			sourceTree = "<group>";
		};
		9CB3BDDB26B3070400438BC2 /* Photoish app - zavrsni projektUITests */ = {
			isa = PBXGroup;
			children = (
				9CB3BDDC26B3070400438BC2 /* Photoish_app___zavrsni_projektUITests.swift */,
				9CB3BDDE26B3070400438BC2 /* Info.plist */,
			);
			path = "Photoish app - zavrsni projektUITests";
			sourceTree = "<group>";
		};
		9CB3BDEA26B307CC00438BC2 /* Home */ = {
			isa = PBXGroup;
			children = (
				9CB3BDFF26B31B8200438BC2 /* Repository */,
				9CB3BDEC26B307E200438BC2 /* ViewModel */,
				9CB3BDEB26B307D200438BC2 /* UI */,
			);
			path = Home;
			sourceTree = "<group>";
		};
		9CB3BDEB26B307D200438BC2 /* UI */ = {
			isa = PBXGroup;
			children = (
				9CB3BE0226B3389600438BC2 /* Cell */,
				9CB3BDED26B3080900438BC2 /* HomeViewController.swift */,
			);
			path = UI;
			sourceTree = "<group>";
		};
		9CB3BDEC26B307E200438BC2 /* ViewModel */ = {
			isa = PBXGroup;
			children = (
				9CB3BDFB26B31B2100438BC2 /* HomeViewModel.swift */,
				9CB3BDFD26B31B3000438BC2 /* HomeViewModelImpl.swift */,
			);
			path = ViewModel;
			sourceTree = "<group>";
		};
		9CB3BDEF26B308F900438BC2 /* Models */ = {
			isa = PBXGroup;
			children = (
				9CB3BDF026B3098900438BC2 /* Picture.swift */,
			);
			path = Models;
			sourceTree = "<group>";
		};
		9CB3BDF226B3179400438BC2 /* Network */ = {
			isa = PBXGroup;
			children = (
				9CB3BDF326B317A700438BC2 /* NetworkManager.swift */,
			);
			path = Network;
			sourceTree = "<group>";
		};
		9CB3BDF526B318BC00438BC2 /* Utils */ = {
			isa = PBXGroup;
			children = (
				9CB3BDF626B318D200438BC2 /* Utilities.swift */,
			);
			path = Utils;
			sourceTree = "<group>";
		};
		9CB3BDF826B31A9B00438BC2 /* Extensions */ = {
			isa = PBXGroup;
			children = (
				9CB3BDF926B31AB700438BC2 /* UIView+Extension.swift */,
			);
			path = Extensions;
			sourceTree = "<group>";
		};
		9CB3BDFF26B31B8200438BC2 /* Repository */ = {
			isa = PBXGroup;
			children = (
				9CB3BE0026B31BA300438BC2 /* PicturesRepository.swift */,
			);
			path = Repository;
			sourceTree = "<group>";
		};
		9CB3BE0226B3389600438BC2 /* Cell */ = {
			isa = PBXGroup;
			children = (
				9CB3BE0326B338C100438BC2 /* PictureTableViewCell.swift */,
			);
			path = Cell;
			sourceTree = "<group>";
		};
		9CE20E4D26BBD98E00291791 /* Cell */ = {
			isa = PBXGroup;
			children = (
				9CE20E4E26BBD9B600291791 /* FavoritePhotoCollectionViewCell.swift */,
			);
			path = Cell;
			sourceTree = "<group>";
		};
		AC2A679C7AB4B0CA4F25FAF1 /* Frameworks */ = {
			isa = PBXGroup;
			children = (
				067590ED469DD33181451332 /* Pods_Photoish_app___zavrsni_projekt.framework */,
				4F98B9CABA5FA90DE622BB4C /* Pods_Photoish_app___zavrsni_projekt_Photoish_app___zavrsni_projektUITests.framework */,
				59EE89213BAE4B485E35E1B0 /* Pods_Photoish_app___zavrsni_projektTests.framework */,
			);
			name = Frameworks;
			sourceTree = "<group>";
		};
/* End PBXGroup section */

/* Begin PBXNativeTarget section */
		9CB3BDB626B3070300438BC2 /* Photoish app - zavrsni projekt */ = {
			isa = PBXNativeTarget;
			buildConfigurationList = 9CB3BDE126B3070400438BC2 /* Build configuration list for PBXNativeTarget "Photoish app - zavrsni projekt" */;
			buildPhases = (
				7608C298FA441C2D779961E8 /* [CP] Check Pods Manifest.lock */,
				9CB3BDB326B3070300438BC2 /* Sources */,
				9CB3BDB426B3070300438BC2 /* Frameworks */,
				9CB3BDB526B3070300438BC2 /* Resources */,
				3F158B048F365DB6D33B112B /* [CP] Embed Pods Frameworks */,
			);
			buildRules = (
			);
			dependencies = (
			);
			name = "Photoish app - zavrsni projekt";
			productName = "Photoish app - zavrsni projekt";
			productReference = 9CB3BDB726B3070300438BC2 /* Photoish app - zavrsni projekt.app */;
			productType = "com.apple.product-type.application";
		};
		9CB3BDCC26B3070400438BC2 /* Photoish app - zavrsni projektTests */ = {
			isa = PBXNativeTarget;
			buildConfigurationList = 9CB3BDE426B3070400438BC2 /* Build configuration list for PBXNativeTarget "Photoish app - zavrsni projektTests" */;
			buildPhases = (
				D8C032C7B67C5B0F235C51C1 /* [CP] Check Pods Manifest.lock */,
				9CB3BDC926B3070400438BC2 /* Sources */,
				9CB3BDCA26B3070400438BC2 /* Frameworks */,
				9CB3BDCB26B3070400438BC2 /* Resources */,
			);
			buildRules = (
			);
			dependencies = (
				9CB3BDCF26B3070400438BC2 /* PBXTargetDependency */,
			);
			name = "Photoish app - zavrsni projektTests";
			productName = "Photoish app - zavrsni projektTests";
			productReference = 9CB3BDCD26B3070400438BC2 /* Photoish app - zavrsni projektTests.xctest */;
			productType = "com.apple.product-type.bundle.unit-test";
		};
		9CB3BDD726B3070400438BC2 /* Photoish app - zavrsni projektUITests */ = {
			isa = PBXNativeTarget;
			buildConfigurationList = 9CB3BDE726B3070400438BC2 /* Build configuration list for PBXNativeTarget "Photoish app - zavrsni projektUITests" */;
			buildPhases = (
				F12D19A841B1972D7AAC92D7 /* [CP] Check Pods Manifest.lock */,
				9CB3BDD426B3070400438BC2 /* Sources */,
				9CB3BDD526B3070400438BC2 /* Frameworks */,
				9CB3BDD626B3070400438BC2 /* Resources */,
				9574B0AAE19BCC304FAC18DC /* [CP] Embed Pods Frameworks */,
			);
			buildRules = (
			);
			dependencies = (
				9CB3BDDA26B3070400438BC2 /* PBXTargetDependency */,
			);
			name = "Photoish app - zavrsni projektUITests";
			productName = "Photoish app - zavrsni projektUITests";
			productReference = 9CB3BDD826B3070400438BC2 /* Photoish app - zavrsni projektUITests.xctest */;
			productType = "com.apple.product-type.bundle.ui-testing";
		};
/* End PBXNativeTarget section */

/* Begin PBXProject section */
		9CB3BDAF26B3070300438BC2 /* Project object */ = {
			isa = PBXProject;
			attributes = {
				LastSwiftUpdateCheck = 1250;
				LastUpgradeCheck = 1250;
				TargetAttributes = {
					9CB3BDB626B3070300438BC2 = {
						CreatedOnToolsVersion = 12.5.1;
					};
					9CB3BDCC26B3070400438BC2 = {
						CreatedOnToolsVersion = 12.5.1;
						TestTargetID = 9CB3BDB626B3070300438BC2;
					};
					9CB3BDD726B3070400438BC2 = {
						CreatedOnToolsVersion = 12.5.1;
						TestTargetID = 9CB3BDB626B3070300438BC2;
					};
				};
			};
			buildConfigurationList = 9CB3BDB226B3070300438BC2 /* Build configuration list for PBXProject "Photoish app - zavrsni projekt" */;
			compatibilityVersion = "Xcode 9.3";
			developmentRegion = en;
			hasScannedForEncodings = 0;
			knownRegions = (
				en,
				Base,
			);
			mainGroup = 9CB3BDAE26B3070300438BC2;
			productRefGroup = 9CB3BDB826B3070300438BC2 /* Products */;
			projectDirPath = "";
			projectRoot = "";
			targets = (
				9CB3BDB626B3070300438BC2 /* Photoish app - zavrsni projekt */,
				9CB3BDCC26B3070400438BC2 /* Photoish app - zavrsni projektTests */,
				9CB3BDD726B3070400438BC2 /* Photoish app - zavrsni projektUITests */,
			);
		};
/* End PBXProject section */

/* Begin PBXResourcesBuildPhase section */
		9CB3BDB526B3070300438BC2 /* Resources */ = {
			isa = PBXResourcesBuildPhase;
			buildActionMask = 2147483647;
			files = (
				9CB3BDC726B3070400438BC2 /* LaunchScreen.storyboard in Resources */,
				9CB3BDC426B3070400438BC2 /* Assets.xcassets in Resources */,
			);
			runOnlyForDeploymentPostprocessing = 0;
		};
		9CB3BDCB26B3070400438BC2 /* Resources */ = {
			isa = PBXResourcesBuildPhase;
			buildActionMask = 2147483647;
			files = (
			);
			runOnlyForDeploymentPostprocessing = 0;
		};
		9CB3BDD626B3070400438BC2 /* Resources */ = {
			isa = PBXResourcesBuildPhase;
			buildActionMask = 2147483647;
			files = (
			);
			runOnlyForDeploymentPostprocessing = 0;
		};
/* End PBXResourcesBuildPhase section */

/* Begin PBXShellScriptBuildPhase section */
		3F158B048F365DB6D33B112B /* [CP] Embed Pods Frameworks */ = {
			isa = PBXShellScriptBuildPhase;
			buildActionMask = 2147483647;
			files = (
			);
			inputFileListPaths = (
				"${PODS_ROOT}/Target Support Files/Pods-Photoish app - zavrsni projekt/Pods-Photoish app - zavrsni projekt-frameworks-${CONFIGURATION}-input-files.xcfilelist",
			);
			name = "[CP] Embed Pods Frameworks";
			outputFileListPaths = (
				"${PODS_ROOT}/Target Support Files/Pods-Photoish app - zavrsni projekt/Pods-Photoish app - zavrsni projekt-frameworks-${CONFIGURATION}-output-files.xcfilelist",
			);
			runOnlyForDeploymentPostprocessing = 0;
			shellPath = /bin/sh;
			shellScript = "\"${PODS_ROOT}/Target Support Files/Pods-Photoish app - zavrsni projekt/Pods-Photoish app - zavrsni projekt-frameworks.sh\"\n";
			showEnvVarsInLog = 0;
		};
		7608C298FA441C2D779961E8 /* [CP] Check Pods Manifest.lock */ = {
			isa = PBXShellScriptBuildPhase;
			buildActionMask = 2147483647;
			files = (
			);
			inputFileListPaths = (
			);
			inputPaths = (
				"${PODS_PODFILE_DIR_PATH}/Podfile.lock",
				"${PODS_ROOT}/Manifest.lock",
			);
			name = "[CP] Check Pods Manifest.lock";
			outputFileListPaths = (
			);
			outputPaths = (
				"$(DERIVED_FILE_DIR)/Pods-Photoish app - zavrsni projekt-checkManifestLockResult.txt",
			);
			runOnlyForDeploymentPostprocessing = 0;
			shellPath = /bin/sh;
			shellScript = "diff \"${PODS_PODFILE_DIR_PATH}/Podfile.lock\" \"${PODS_ROOT}/Manifest.lock\" > /dev/null\nif [ $? != 0 ] ; then\n    # print error to STDERR\n    echo \"error: The sandbox is not in sync with the Podfile.lock. Run 'pod install' or update your CocoaPods installation.\" >&2\n    exit 1\nfi\n# This output is used by Xcode 'outputs' to avoid re-running this script phase.\necho \"SUCCESS\" > \"${SCRIPT_OUTPUT_FILE_0}\"\n";
			showEnvVarsInLog = 0;
		};
		9574B0AAE19BCC304FAC18DC /* [CP] Embed Pods Frameworks */ = {
			isa = PBXShellScriptBuildPhase;
			buildActionMask = 2147483647;
			files = (
			);
			inputFileListPaths = (
				"${PODS_ROOT}/Target Support Files/Pods-Photoish app - zavrsni projekt-Photoish app - zavrsni projektUITests/Pods-Photoish app - zavrsni projekt-Photoish app - zavrsni projektUITests-frameworks-${CONFIGURATION}-input-files.xcfilelist",
			);
			name = "[CP] Embed Pods Frameworks";
			outputFileListPaths = (
				"${PODS_ROOT}/Target Support Files/Pods-Photoish app - zavrsni projekt-Photoish app - zavrsni projektUITests/Pods-Photoish app - zavrsni projekt-Photoish app - zavrsni projektUITests-frameworks-${CONFIGURATION}-output-files.xcfilelist",
			);
			runOnlyForDeploymentPostprocessing = 0;
			shellPath = /bin/sh;
			shellScript = "\"${PODS_ROOT}/Target Support Files/Pods-Photoish app - zavrsni projekt-Photoish app - zavrsni projektUITests/Pods-Photoish app - zavrsni projekt-Photoish app - zavrsni projektUITests-frameworks.sh\"\n";
			showEnvVarsInLog = 0;
		};
		D8C032C7B67C5B0F235C51C1 /* [CP] Check Pods Manifest.lock */ = {
			isa = PBXShellScriptBuildPhase;
			buildActionMask = 2147483647;
			files = (
			);
			inputFileListPaths = (
			);
			inputPaths = (
				"${PODS_PODFILE_DIR_PATH}/Podfile.lock",
				"${PODS_ROOT}/Manifest.lock",
			);
			name = "[CP] Check Pods Manifest.lock";
			outputFileListPaths = (
			);
			outputPaths = (
				"$(DERIVED_FILE_DIR)/Pods-Photoish app - zavrsni projektTests-checkManifestLockResult.txt",
			);
			runOnlyForDeploymentPostprocessing = 0;
			shellPath = /bin/sh;
			shellScript = "diff \"${PODS_PODFILE_DIR_PATH}/Podfile.lock\" \"${PODS_ROOT}/Manifest.lock\" > /dev/null\nif [ $? != 0 ] ; then\n    # print error to STDERR\n    echo \"error: The sandbox is not in sync with the Podfile.lock. Run 'pod install' or update your CocoaPods installation.\" >&2\n    exit 1\nfi\n# This output is used by Xcode 'outputs' to avoid re-running this script phase.\necho \"SUCCESS\" > \"${SCRIPT_OUTPUT_FILE_0}\"\n";
			showEnvVarsInLog = 0;
		};
		F12D19A841B1972D7AAC92D7 /* [CP] Check Pods Manifest.lock */ = {
			isa = PBXShellScriptBuildPhase;
			buildActionMask = 2147483647;
			files = (
			);
			inputFileListPaths = (
			);
			inputPaths = (
				"${PODS_PODFILE_DIR_PATH}/Podfile.lock",
				"${PODS_ROOT}/Manifest.lock",
			);
			name = "[CP] Check Pods Manifest.lock";
			outputFileListPaths = (
			);
			outputPaths = (
				"$(DERIVED_FILE_DIR)/Pods-Photoish app - zavrsni projekt-Photoish app - zavrsni projektUITests-checkManifestLockResult.txt",
			);
			runOnlyForDeploymentPostprocessing = 0;
			shellPath = /bin/sh;
			shellScript = "diff \"${PODS_PODFILE_DIR_PATH}/Podfile.lock\" \"${PODS_ROOT}/Manifest.lock\" > /dev/null\nif [ $? != 0 ] ; then\n    # print error to STDERR\n    echo \"error: The sandbox is not in sync with the Podfile.lock. Run 'pod install' or update your CocoaPods installation.\" >&2\n    exit 1\nfi\n# This output is used by Xcode 'outputs' to avoid re-running this script phase.\necho \"SUCCESS\" > \"${SCRIPT_OUTPUT_FILE_0}\"\n";
			showEnvVarsInLog = 0;
		};
/* End PBXShellScriptBuildPhase section */

/* Begin PBXSourcesBuildPhase section */
		9CB3BDB326B3070300438BC2 /* Sources */ = {
			isa = PBXSourcesBuildPhase;
			buildActionMask = 2147483647;
			files = (
				9C0DF94C26B95BAD0035A4DC /* FavoritesViewModel.swift in Sources */,
				9C9FB7C026B48BA6006735B9 /* DetailViewController.swift in Sources */,
				9CB3BDFA26B31AB700438BC2 /* UIView+Extension.swift in Sources */,
				9C0DF94A26B957410035A4DC /* FavoritesViewController.swift in Sources */,
				9CB3BDFE26B31B3000438BC2 /* HomeViewModelImpl.swift in Sources */,
				9CB3BDF426B317A700438BC2 /* NetworkManager.swift in Sources */,
				9CB3BDFC26B31B2100438BC2 /* HomeViewModel.swift in Sources */,
				9CB3BDF126B3098900438BC2 /* Picture.swift in Sources */,
				9C0DF94E26B95BC30035A4DC /* FavoritesViewModelImpl.swift in Sources */,
				9C9FB7BE26B48B81006735B9 /* DetailViewModelImpl.swift in Sources */,
				9CB3BDBB26B3070300438BC2 /* AppDelegate.swift in Sources */,
				9CB3BDF726B318D200438BC2 /* Utilities.swift in Sources */,
				9CB3BDEE26B3080900438BC2 /* HomeViewController.swift in Sources */,
				9CB3BE0426B338C100438BC2 /* PictureTableViewCell.swift in Sources */,
				9C9FB7BC26B48B52006735B9 /* DetailViewModel.swift in Sources */,
				9CE20E4F26BBD9B600291791 /* FavoritePhotoCollectionViewCell.swift in Sources */,
				9CB3BE0126B31BA300438BC2 /* PicturesRepository.swift in Sources */,
			);
			runOnlyForDeploymentPostprocessing = 0;
		};
		9CB3BDC926B3070400438BC2 /* Sources */ = {
			isa = PBXSourcesBuildPhase;
			buildActionMask = 2147483647;
			files = (
				9CB3BDD226B3070400438BC2 /* Photoish_app___zavrsni_projektTests.swift in Sources */,
			);
			runOnlyForDeploymentPostprocessing = 0;
		};
		9CB3BDD426B3070400438BC2 /* Sources */ = {
			isa = PBXSourcesBuildPhase;
			buildActionMask = 2147483647;
			files = (
				9CB3BDDD26B3070400438BC2 /* Photoish_app___zavrsni_projektUITests.swift in Sources */,
			);
			runOnlyForDeploymentPostprocessing = 0;
		};
/* End PBXSourcesBuildPhase section */

/* Begin PBXTargetDependency section */
		9CB3BDCF26B3070400438BC2 /* PBXTargetDependency */ = {
			isa = PBXTargetDependency;
			target = 9CB3BDB626B3070300438BC2 /* Photoish app - zavrsni projekt */;
			targetProxy = 9CB3BDCE26B3070400438BC2 /* PBXContainerItemProxy */;
		};
		9CB3BDDA26B3070400438BC2 /* PBXTargetDependency */ = {
			isa = PBXTargetDependency;
			target = 9CB3BDB626B3070300438BC2 /* Photoish app - zavrsni projekt */;
			targetProxy = 9CB3BDD926B3070400438BC2 /* PBXContainerItemProxy */;
		};
/* End PBXTargetDependency section */

/* Begin PBXVariantGroup section */
		9CB3BDC526B3070400438BC2 /* LaunchScreen.storyboard */ = {
			isa = PBXVariantGroup;
			children = (
				9CB3BDC626B3070400438BC2 /* Base */,
			);
			name = LaunchScreen.storyboard;
			sourceTree = "<group>";
		};
/* End PBXVariantGroup section */

/* Begin XCBuildConfiguration section */
		9CB3BDDF26B3070400438BC2 /* Debug */ = {
			isa = XCBuildConfiguration;
			buildSettings = {
				ALWAYS_SEARCH_USER_PATHS = NO;
				CLANG_ANALYZER_NONNULL = YES;
				CLANG_ANALYZER_NUMBER_OBJECT_CONVERSION = YES_AGGRESSIVE;
				CLANG_CXX_LANGUAGE_STANDARD = "gnu++14";
				CLANG_CXX_LIBRARY = "libc++";
				CLANG_ENABLE_MODULES = YES;
				CLANG_ENABLE_OBJC_ARC = YES;
				CLANG_ENABLE_OBJC_WEAK = YES;
				CLANG_WARN_BLOCK_CAPTURE_AUTORELEASING = YES;
				CLANG_WARN_BOOL_CONVERSION = YES;
				CLANG_WARN_COMMA = YES;
				CLANG_WARN_CONSTANT_CONVERSION = YES;
				CLANG_WARN_DEPRECATED_OBJC_IMPLEMENTATIONS = YES;
				CLANG_WARN_DIRECT_OBJC_ISA_USAGE = YES_ERROR;
				CLANG_WARN_DOCUMENTATION_COMMENTS = YES;
				CLANG_WARN_EMPTY_BODY = YES;
				CLANG_WARN_ENUM_CONVERSION = YES;
				CLANG_WARN_INFINITE_RECURSION = YES;
				CLANG_WARN_INT_CONVERSION = YES;
				CLANG_WARN_NON_LITERAL_NULL_CONVERSION = YES;
				CLANG_WARN_OBJC_IMPLICIT_RETAIN_SELF = YES;
				CLANG_WARN_OBJC_LITERAL_CONVERSION = YES;
				CLANG_WARN_OBJC_ROOT_CLASS = YES_ERROR;
				CLANG_WARN_QUOTED_INCLUDE_IN_FRAMEWORK_HEADER = YES;
				CLANG_WARN_RANGE_LOOP_ANALYSIS = YES;
				CLANG_WARN_STRICT_PROTOTYPES = YES;
				CLANG_WARN_SUSPICIOUS_MOVE = YES;
				CLANG_WARN_UNGUARDED_AVAILABILITY = YES_AGGRESSIVE;
				CLANG_WARN_UNREACHABLE_CODE = YES;
				CLANG_WARN__DUPLICATE_METHOD_MATCH = YES;
				COPY_PHASE_STRIP = NO;
				DEBUG_INFORMATION_FORMAT = dwarf;
				ENABLE_STRICT_OBJC_MSGSEND = YES;
				ENABLE_TESTABILITY = YES;
				GCC_C_LANGUAGE_STANDARD = gnu11;
				GCC_DYNAMIC_NO_PIC = NO;
				GCC_NO_COMMON_BLOCKS = YES;
				GCC_OPTIMIZATION_LEVEL = 0;
				GCC_PREPROCESSOR_DEFINITIONS = (
					"DEBUG=1",
					"$(inherited)",
				);
				GCC_WARN_64_TO_32_BIT_CONVERSION = YES;
				GCC_WARN_ABOUT_RETURN_TYPE = YES_ERROR;
				GCC_WARN_UNDECLARED_SELECTOR = YES;
				GCC_WARN_UNINITIALIZED_AUTOS = YES_AGGRESSIVE;
				GCC_WARN_UNUSED_FUNCTION = YES;
				GCC_WARN_UNUSED_VARIABLE = YES;
				IPHONEOS_DEPLOYMENT_TARGET = 14.5;
				MTL_ENABLE_DEBUG_INFO = INCLUDE_SOURCE;
				MTL_FAST_MATH = YES;
				ONLY_ACTIVE_ARCH = YES;
				SDKROOT = iphoneos;
				SWIFT_ACTIVE_COMPILATION_CONDITIONS = DEBUG;
				SWIFT_OPTIMIZATION_LEVEL = "-Onone";
			};
			name = Debug;
		};
		9CB3BDE026B3070400438BC2 /* Release */ = {
			isa = XCBuildConfiguration;
			buildSettings = {
				ALWAYS_SEARCH_USER_PATHS = NO;
				CLANG_ANALYZER_NONNULL = YES;
				CLANG_ANALYZER_NUMBER_OBJECT_CONVERSION = YES_AGGRESSIVE;
				CLANG_CXX_LANGUAGE_STANDARD = "gnu++14";
				CLANG_CXX_LIBRARY = "libc++";
				CLANG_ENABLE_MODULES = YES;
				CLANG_ENABLE_OBJC_ARC = YES;
				CLANG_ENABLE_OBJC_WEAK = YES;
				CLANG_WARN_BLOCK_CAPTURE_AUTORELEASING = YES;
				CLANG_WARN_BOOL_CONVERSION = YES;
				CLANG_WARN_COMMA = YES;
				CLANG_WARN_CONSTANT_CONVERSION = YES;
				CLANG_WARN_DEPRECATED_OBJC_IMPLEMENTATIONS = YES;
				CLANG_WARN_DIRECT_OBJC_ISA_USAGE = YES_ERROR;
				CLANG_WARN_DOCUMENTATION_COMMENTS = YES;
				CLANG_WARN_EMPTY_BODY = YES;
				CLANG_WARN_ENUM_CONVERSION = YES;
				CLANG_WARN_INFINITE_RECURSION = YES;
				CLANG_WARN_INT_CONVERSION = YES;
				CLANG_WARN_NON_LITERAL_NULL_CONVERSION = YES;
				CLANG_WARN_OBJC_IMPLICIT_RETAIN_SELF = YES;
				CLANG_WARN_OBJC_LITERAL_CONVERSION = YES;
				CLANG_WARN_OBJC_ROOT_CLASS = YES_ERROR;
				CLANG_WARN_QUOTED_INCLUDE_IN_FRAMEWORK_HEADER = YES;
				CLANG_WARN_RANGE_LOOP_ANALYSIS = YES;
				CLANG_WARN_STRICT_PROTOTYPES = YES;
				CLANG_WARN_SUSPICIOUS_MOVE = YES;
				CLANG_WARN_UNGUARDED_AVAILABILITY = YES_AGGRESSIVE;
				CLANG_WARN_UNREACHABLE_CODE = YES;
				CLANG_WARN__DUPLICATE_METHOD_MATCH = YES;
				COPY_PHASE_STRIP = NO;
				DEBUG_INFORMATION_FORMAT = "dwarf-with-dsym";
				ENABLE_NS_ASSERTIONS = NO;
				ENABLE_STRICT_OBJC_MSGSEND = YES;
				GCC_C_LANGUAGE_STANDARD = gnu11;
				GCC_NO_COMMON_BLOCKS = YES;
				GCC_WARN_64_TO_32_BIT_CONVERSION = YES;
				GCC_WARN_ABOUT_RETURN_TYPE = YES_ERROR;
				GCC_WARN_UNDECLARED_SELECTOR = YES;
				GCC_WARN_UNINITIALIZED_AUTOS = YES_AGGRESSIVE;
				GCC_WARN_UNUSED_FUNCTION = YES;
				GCC_WARN_UNUSED_VARIABLE = YES;
				IPHONEOS_DEPLOYMENT_TARGET = 14.5;
				MTL_ENABLE_DEBUG_INFO = NO;
				MTL_FAST_MATH = YES;
				SDKROOT = iphoneos;
				SWIFT_COMPILATION_MODE = wholemodule;
				SWIFT_OPTIMIZATION_LEVEL = "-O";
				VALIDATE_PRODUCT = YES;
			};
			name = Release;
		};
		9CB3BDE226B3070400438BC2 /* Debug */ = {
			isa = XCBuildConfiguration;
			baseConfigurationReference = 17849102FC46F12114858A60 /* Pods-Photoish app - zavrsni projekt.debug.xcconfig */;
			buildSettings = {
				ASSETCATALOG_COMPILER_APPICON_NAME = AppIcon;
				ASSETCATALOG_COMPILER_GLOBAL_ACCENT_COLOR_NAME = AccentColor;
				CODE_SIGN_STYLE = Automatic;
				DEVELOPMENT_TEAM = N6TJX5R68D;
				INFOPLIST_FILE = "Photoish app - zavrsni projekt/Info.plist";
				LD_RUNPATH_SEARCH_PATHS = (
					"$(inherited)",
					"@executable_path/Frameworks",
				);
				PRODUCT_BUNDLE_IDENTIFIER = "com.antoniovidakovic.Photoish-app---zavrsni-projekt";
				PRODUCT_NAME = "$(TARGET_NAME)";
				SWIFT_VERSION = 5.0;
				TARGETED_DEVICE_FAMILY = "1,2";
			};
			name = Debug;
		};
		9CB3BDE326B3070400438BC2 /* Release */ = {
			isa = XCBuildConfiguration;
			baseConfigurationReference = 742F2536FB2DA236553D9CF1 /* Pods-Photoish app - zavrsni projekt.release.xcconfig */;
			buildSettings = {
				ASSETCATALOG_COMPILER_APPICON_NAME = AppIcon;
				ASSETCATALOG_COMPILER_GLOBAL_ACCENT_COLOR_NAME = AccentColor;
				CODE_SIGN_STYLE = Automatic;
				DEVELOPMENT_TEAM = N6TJX5R68D;
				INFOPLIST_FILE = "Photoish app - zavrsni projekt/Info.plist";
				LD_RUNPATH_SEARCH_PATHS = (
					"$(inherited)",
					"@executable_path/Frameworks",
				);
				PRODUCT_BUNDLE_IDENTIFIER = "com.antoniovidakovic.Photoish-app---zavrsni-projekt";
				PRODUCT_NAME = "$(TARGET_NAME)";
				SWIFT_VERSION = 5.0;
				TARGETED_DEVICE_FAMILY = "1,2";
			};
			name = Release;
		};
		9CB3BDE526B3070400438BC2 /* Debug */ = {
			isa = XCBuildConfiguration;
			baseConfigurationReference = 6797CA10FDC87D452EFDE64C /* Pods-Photoish app - zavrsni projektTests.debug.xcconfig */;
			buildSettings = {
				ALWAYS_EMBED_SWIFT_STANDARD_LIBRARIES = YES;
				BUNDLE_LOADER = "$(TEST_HOST)";
				CODE_SIGN_STYLE = Automatic;
				DEVELOPMENT_TEAM = N6TJX5R68D;
				INFOPLIST_FILE = "Photoish app - zavrsni projektTests/Info.plist";
				IPHONEOS_DEPLOYMENT_TARGET = 14.5;
				LD_RUNPATH_SEARCH_PATHS = (
					"$(inherited)",
					"@executable_path/Frameworks",
					"@loader_path/Frameworks",
				);
				PRODUCT_BUNDLE_IDENTIFIER = "com.antoniovidakovic.Photoish-app---zavrsni-projektTests";
				PRODUCT_NAME = "$(TARGET_NAME)";
				SWIFT_VERSION = 5.0;
				TARGETED_DEVICE_FAMILY = "1,2";
				TEST_HOST = "$(BUILT_PRODUCTS_DIR)/Photoish app - zavrsni projekt.app/Photoish app - zavrsni projekt";
			};
			name = Debug;
		};
		9CB3BDE626B3070400438BC2 /* Release */ = {
			isa = XCBuildConfiguration;
			baseConfigurationReference = F0FC8FDA732F7BC1F15617FE /* Pods-Photoish app - zavrsni projektTests.release.xcconfig */;
			buildSettings = {
				ALWAYS_EMBED_SWIFT_STANDARD_LIBRARIES = YES;
				BUNDLE_LOADER = "$(TEST_HOST)";
				CODE_SIGN_STYLE = Automatic;
				DEVELOPMENT_TEAM = N6TJX5R68D;
				INFOPLIST_FILE = "Photoish app - zavrsni projektTests/Info.plist";
				IPHONEOS_DEPLOYMENT_TARGET = 14.5;
				LD_RUNPATH_SEARCH_PATHS = (
					"$(inherited)",
					"@executable_path/Frameworks",
					"@loader_path/Frameworks",
				);
				PRODUCT_BUNDLE_IDENTIFIER = "com.antoniovidakovic.Photoish-app---zavrsni-projektTests";
				PRODUCT_NAME = "$(TARGET_NAME)";
				SWIFT_VERSION = 5.0;
				TARGETED_DEVICE_FAMILY = "1,2";
				TEST_HOST = "$(BUILT_PRODUCTS_DIR)/Photoish app - zavrsni projekt.app/Photoish app - zavrsni projekt";
			};
			name = Release;
		};
		9CB3BDE826B3070400438BC2 /* Debug */ = {
			isa = XCBuildConfiguration;
			baseConfigurationReference = CF80AA9DDE40527A51E30BD8 /* Pods-Photoish app - zavrsni projekt-Photoish app - zavrsni projektUITests.debug.xcconfig */;
			buildSettings = {
				ALWAYS_EMBED_SWIFT_STANDARD_LIBRARIES = YES;
				CODE_SIGN_STYLE = Automatic;
				DEVELOPMENT_TEAM = N6TJX5R68D;
				INFOPLIST_FILE = "Photoish app - zavrsni projektUITests/Info.plist";
				LD_RUNPATH_SEARCH_PATHS = (
					"$(inherited)",
					"@executable_path/Frameworks",
					"@loader_path/Frameworks",
				);
				PRODUCT_BUNDLE_IDENTIFIER = "com.antoniovidakovic.Photoish-app---zavrsni-projektUITests";
				PRODUCT_NAME = "$(TARGET_NAME)";
				SWIFT_VERSION = 5.0;
				TARGETED_DEVICE_FAMILY = "1,2";
				TEST_TARGET_NAME = "Photoish app - zavrsni projekt";
			};
			name = Debug;
		};
		9CB3BDE926B3070400438BC2 /* Release */ = {
			isa = XCBuildConfiguration;
			baseConfigurationReference = 8CBB20232F9952EF7B8BD13D /* Pods-Photoish app - zavrsni projekt-Photoish app - zavrsni projektUITests.release.xcconfig */;
			buildSettings = {
				ALWAYS_EMBED_SWIFT_STANDARD_LIBRARIES = YES;
				CODE_SIGN_STYLE = Automatic;
				DEVELOPMENT_TEAM = N6TJX5R68D;
				INFOPLIST_FILE = "Photoish app - zavrsni projektUITests/Info.plist";
				LD_RUNPATH_SEARCH_PATHS = (
					"$(inherited)",
					"@executable_path/Frameworks",
					"@loader_path/Frameworks",
				);
				PRODUCT_BUNDLE_IDENTIFIER = "com.antoniovidakovic.Photoish-app---zavrsni-projektUITests";
				PRODUCT_NAME = "$(TARGET_NAME)";
				SWIFT_VERSION = 5.0;
				TARGETED_DEVICE_FAMILY = "1,2";
				TEST_TARGET_NAME = "Photoish app - zavrsni projekt";
			};
			name = Release;
		};
/* End XCBuildConfiguration section */

/* Begin XCConfigurationList section */
		9CB3BDB226B3070300438BC2 /* Build configuration list for PBXProject "Photoish app - zavrsni projekt" */ = {
			isa = XCConfigurationList;
			buildConfigurations = (
				9CB3BDDF26B3070400438BC2 /* Debug */,
				9CB3BDE026B3070400438BC2 /* Release */,
			);
			defaultConfigurationIsVisible = 0;
			defaultConfigurationName = Release;
		};
		9CB3BDE126B3070400438BC2 /* Build configuration list for PBXNativeTarget "Photoish app - zavrsni projekt" */ = {
			isa = XCConfigurationList;
			buildConfigurations = (
				9CB3BDE226B3070400438BC2 /* Debug */,
				9CB3BDE326B3070400438BC2 /* Release */,
			);
			defaultConfigurationIsVisible = 0;
			defaultConfigurationName = Release;
		};
		9CB3BDE426B3070400438BC2 /* Build configuration list for PBXNativeTarget "Photoish app - zavrsni projektTests" */ = {
			isa = XCConfigurationList;
			buildConfigurations = (
				9CB3BDE526B3070400438BC2 /* Debug */,
				9CB3BDE626B3070400438BC2 /* Release */,
			);
			defaultConfigurationIsVisible = 0;
			defaultConfigurationName = Release;
		};
		9CB3BDE726B3070400438BC2 /* Build configuration list for PBXNativeTarget "Photoish app - zavrsni projektUITests" */ = {
			isa = XCConfigurationList;
			buildConfigurations = (
				9CB3BDE826B3070400438BC2 /* Debug */,
				9CB3BDE926B3070400438BC2 /* Release */,
			);
			defaultConfigurationIsVisible = 0;
			defaultConfigurationName = Release;
		};
/* End XCConfigurationList section */
	};
	rootObject = 9CB3BDAF26B3070300438BC2 /* Project object */;
}
